// !$*UTF8*$!
{
	archiveVersion = 1;
	classes = {
	};
	objectVersion = 51;
	objects = {

/* Begin PBXBuildFile section */
		8712954A24FD09580071C958 /* UITextField+Extension.swift in Sources */ = {isa = PBXBuildFile; fileRef = 8712954924FD09580071C958 /* UITextField+Extension.swift */; };
		8712955224FD12080071C958 /* SignUpViewController.swift in Sources */ = {isa = PBXBuildFile; fileRef = 8712955124FD12080071C958 /* SignUpViewController.swift */; };
		8712955524FD150C0071C958 /* AuthViewModel.swift in Sources */ = {isa = PBXBuildFile; fileRef = 8712955424FD150C0071C958 /* AuthViewModel.swift */; };
		8712955824FD298E0071C958 /* SignUpViewModel.swift in Sources */ = {isa = PBXBuildFile; fileRef = 8712955724FD298E0071C958 /* SignUpViewModel.swift */; };
		874193DF24FE538200F317E2 /* DatabaseManager.swift in Sources */ = {isa = PBXBuildFile; fileRef = 874193DE24FE538200F317E2 /* DatabaseManager.swift */; };
		876C7BF724FD4706000CC850 /* TabBarController.swift in Sources */ = {isa = PBXBuildFile; fileRef = 876C7BF624FD4706000CC850 /* TabBarController.swift */; };
		87A0525524F2923E00E6812A /* AuthViewController.swift in Sources */ = {isa = PBXBuildFile; fileRef = 87A0525424F2923E00E6812A /* AuthViewController.swift */; };
		87A0525B24F3A37B00E6812A /* UIColor+Extension.swift in Sources */ = {isa = PBXBuildFile; fileRef = 87A0525A24F3A37B00E6812A /* UIColor+Extension.swift */; };
		87A0526024F3F06700E6812A /* universaljack.ttf in Resources */ = {isa = PBXBuildFile; fileRef = 87A0525D24F3ED6A00E6812A /* universaljack.ttf */; };
		87A0526224F3F58D00E6812A /* Assets.xcassets in Resources */ = {isa = PBXBuildFile; fileRef = 87A0526124F3F58D00E6812A /* Assets.xcassets */; };
		87C8366D24F2826D00E32EE6 /* AppDelegate.swift in Sources */ = {isa = PBXBuildFile; fileRef = 87C8366C24F2826D00E32EE6 /* AppDelegate.swift */; };
		87C8366F24F2826D00E32EE6 /* SceneDelegate.swift in Sources */ = {isa = PBXBuildFile; fileRef = 87C8366E24F2826D00E32EE6 /* SceneDelegate.swift */; };
		87C8367424F2826D00E32EE6 /* Main.storyboard in Resources */ = {isa = PBXBuildFile; fileRef = 87C8367224F2826D00E32EE6 /* Main.storyboard */; };
		87C8367924F2826F00E32EE6 /* LaunchScreen.storyboard in Resources */ = {isa = PBXBuildFile; fileRef = 87C8367724F2826F00E32EE6 /* LaunchScreen.storyboard */; };
		87C8368224F2832100E32EE6 /* GoogleService-Info.plist in Resources */ = {isa = PBXBuildFile; fileRef = 87C8368124F2832100E32EE6 /* GoogleService-Info.plist */; };
		A35EDCA7ADA213360BCC461F /* Pods_Plumbus.framework in Frameworks */ = {isa = PBXBuildFile; fileRef = 9F54B25DC4B81BFD1673434E /* Pods_Plumbus.framework */; };
/* End PBXBuildFile section */

/* Begin PBXFileReference section */
		8712954924FD09580071C958 /* UITextField+Extension.swift */ = {isa = PBXFileReference; lastKnownFileType = sourcecode.swift; path = "UITextField+Extension.swift"; sourceTree = "<group>"; };
		8712955124FD12080071C958 /* SignUpViewController.swift */ = {isa = PBXFileReference; lastKnownFileType = sourcecode.swift; path = SignUpViewController.swift; sourceTree = "<group>"; };
		8712955424FD150C0071C958 /* AuthViewModel.swift */ = {isa = PBXFileReference; lastKnownFileType = sourcecode.swift; path = AuthViewModel.swift; sourceTree = "<group>"; };
		8712955724FD298E0071C958 /* SignUpViewModel.swift */ = {isa = PBXFileReference; lastKnownFileType = sourcecode.swift; path = SignUpViewModel.swift; sourceTree = "<group>"; };
		874193DE24FE538200F317E2 /* DatabaseManager.swift */ = {isa = PBXFileReference; lastKnownFileType = sourcecode.swift; path = DatabaseManager.swift; sourceTree = "<group>"; };
		876C7BF624FD4706000CC850 /* TabBarController.swift */ = {isa = PBXFileReference; lastKnownFileType = sourcecode.swift; path = TabBarController.swift; sourceTree = "<group>"; };
		87A0525424F2923E00E6812A /* AuthViewController.swift */ = {isa = PBXFileReference; lastKnownFileType = sourcecode.swift; path = AuthViewController.swift; sourceTree = "<group>"; };
		87A0525A24F3A37B00E6812A /* UIColor+Extension.swift */ = {isa = PBXFileReference; lastKnownFileType = sourcecode.swift; path = "UIColor+Extension.swift"; sourceTree = "<group>"; };
		87A0525D24F3ED6A00E6812A /* universaljack.ttf */ = {isa = PBXFileReference; lastKnownFileType = file; path = universaljack.ttf; sourceTree = "<group>"; };
		87A0526124F3F58D00E6812A /* Assets.xcassets */ = {isa = PBXFileReference; lastKnownFileType = folder.assetcatalog; path = Assets.xcassets; sourceTree = "<group>"; };
		87C8366924F2826D00E32EE6 /* Plumbus.app */ = {isa = PBXFileReference; explicitFileType = wrapper.application; includeInIndex = 0; path = Plumbus.app; sourceTree = BUILT_PRODUCTS_DIR; };
		87C8366C24F2826D00E32EE6 /* AppDelegate.swift */ = {isa = PBXFileReference; lastKnownFileType = sourcecode.swift; path = AppDelegate.swift; sourceTree = "<group>"; };
		87C8366E24F2826D00E32EE6 /* SceneDelegate.swift */ = {isa = PBXFileReference; lastKnownFileType = sourcecode.swift; path = SceneDelegate.swift; sourceTree = "<group>"; };
		87C8367324F2826D00E32EE6 /* Base */ = {isa = PBXFileReference; lastKnownFileType = file.storyboard; name = Base; path = Base.lproj/Main.storyboard; sourceTree = "<group>"; };
		87C8367824F2826F00E32EE6 /* Base */ = {isa = PBXFileReference; lastKnownFileType = file.storyboard; name = Base; path = Base.lproj/LaunchScreen.storyboard; sourceTree = "<group>"; };
		87C8367A24F2826F00E32EE6 /* Info.plist */ = {isa = PBXFileReference; lastKnownFileType = text.plist.xml; path = Info.plist; sourceTree = "<group>"; };
		87C8368124F2832100E32EE6 /* GoogleService-Info.plist */ = {isa = PBXFileReference; fileEncoding = 4; lastKnownFileType = text.plist.xml; path = "GoogleService-Info.plist"; sourceTree = "<group>"; };
		9F052855FADCDFD96A439518 /* Pods-Plumbus.release.xcconfig */ = {isa = PBXFileReference; includeInIndex = 1; lastKnownFileType = text.xcconfig; name = "Pods-Plumbus.release.xcconfig"; path = "Target Support Files/Pods-Plumbus/Pods-Plumbus.release.xcconfig"; sourceTree = "<group>"; };
		9F54B25DC4B81BFD1673434E /* Pods_Plumbus.framework */ = {isa = PBXFileReference; explicitFileType = wrapper.framework; includeInIndex = 0; path = Pods_Plumbus.framework; sourceTree = BUILT_PRODUCTS_DIR; };
		B10B222F2A51DAC6B05C2294 /* Pods-Plumbus.debug.xcconfig */ = {isa = PBXFileReference; includeInIndex = 1; lastKnownFileType = text.xcconfig; name = "Pods-Plumbus.debug.xcconfig"; path = "Target Support Files/Pods-Plumbus/Pods-Plumbus.debug.xcconfig"; sourceTree = "<group>"; };
/* End PBXFileReference section */

/* Begin PBXFrameworksBuildPhase section */
		87C8366624F2826D00E32EE6 /* Frameworks */ = {
			isa = PBXFrameworksBuildPhase;
			buildActionMask = 2147483647;
			files = (
				A35EDCA7ADA213360BCC461F /* Pods_Plumbus.framework in Frameworks */,
			);
			runOnlyForDeploymentPostprocessing = 0;
		};
/* End PBXFrameworksBuildPhase section */

/* Begin PBXGroup section */
		38DE6FC2ED02B67D76CDCCD9 /* Frameworks */ = {
			isa = PBXGroup;
			children = (
				9F54B25DC4B81BFD1673434E /* Pods_Plumbus.framework */,
			);
			name = Frameworks;
			sourceTree = "<group>";
		};
		5C5AD43901CE57664D349653 /* Pods */ = {
			isa = PBXGroup;
			children = (
				B10B222F2A51DAC6B05C2294 /* Pods-Plumbus.debug.xcconfig */,
				9F052855FADCDFD96A439518 /* Pods-Plumbus.release.xcconfig */,
			);
			path = Pods;
			sourceTree = "<group>";
		};
		8712954524FD04830071C958 /* Resoures */ = {
			isa = PBXGroup;
			children = (
				87A0526124F3F58D00E6812A /* Assets.xcassets */,
				87A0525F24F3F01900E6812A /* Fonts */,
			);
			name = Resoures;
			sourceTree = "<group>";
		};
		8712954624FD04A20071C958 /* Extensions */ = {
			isa = PBXGroup;
			children = (
				87A0525A24F3A37B00E6812A /* UIColor+Extension.swift */,
				8712954924FD09580071C958 /* UITextField+Extension.swift */,
			);
			name = Extensions;
			sourceTree = "<group>";
		};
		8712954D24FD098A0071C958 /* Auth Page */ = {
			isa = PBXGroup;
			children = (
				8712955324FD14FF0071C958 /* View Model */,
				8712954E24FD09990071C958 /* View */,
			);
			name = "Auth Page";
			path = ..;
			sourceTree = "<group>";
		};
		8712954E24FD09990071C958 /* View */ = {
			isa = PBXGroup;
			children = (
				87A0525424F2923E00E6812A /* AuthViewController.swift */,
			);
			path = View;
			sourceTree = "<group>";
		};
		8712954F24FD11E20071C958 /* SignUp Page */ = {
			isa = PBXGroup;
			children = (
				8712955624FD16B90071C958 /* View Model */,
				8712955024FD11F70071C958 /* View */,
			);
			name = "SignUp Page";
			sourceTree = "<group>";
		};
		8712955024FD11F70071C958 /* View */ = {
			isa = PBXGroup;
			children = (
				8712955124FD12080071C958 /* SignUpViewController.swift */,
			);
			name = View;
			sourceTree = "<group>";
		};
		8712955324FD14FF0071C958 /* View Model */ = {
			isa = PBXGroup;
			children = (
				8712955424FD150C0071C958 /* AuthViewModel.swift */,
			);
			path = "View Model";
			sourceTree = "<group>";
		};
		8712955624FD16B90071C958 /* View Model */ = {
			isa = PBXGroup;
			children = (
				8712955724FD298E0071C958 /* SignUpViewModel.swift */,
			);
			name = "View Model";
			sourceTree = "<group>";
		};
		876C7BF524FD467A000CC850 /* Home Page */ = {
			isa = PBXGroup;
			children = (
				876C7BF924FD470F000CC850 /* View Model */,
				876C7BF824FD470A000CC850 /* View */,
			);
			name = "Home Page";
			sourceTree = "<group>";
		};
		876C7BF824FD470A000CC850 /* View */ = {
			isa = PBXGroup;
			children = (
				876C7BF624FD4706000CC850 /* TabBarController.swift */,
				876C7BFA24FD4778000CC850 /* Subpages */,
			);
			name = View;
			sourceTree = "<group>";
		};
		876C7BF924FD470F000CC850 /* View Model */ = {
			isa = PBXGroup;
			children = (
			);
			name = "View Model";
			sourceTree = "<group>";
		};
		876C7BFA24FD4778000CC850 /* Subpages */ = {
			isa = PBXGroup;
			children = (
			);
			name = Subpages;
			sourceTree = "<group>";
		};
		87A0525F24F3F01900E6812A /* Fonts */ = {
			isa = PBXGroup;
			children = (
				87A0525D24F3ED6A00E6812A /* universaljack.ttf */,
			);
			name = Fonts;
			sourceTree = "<group>";
		};
		87C8366024F2826D00E32EE6 = {
			isa = PBXGroup;
			children = (
				87C8366B24F2826D00E32EE6 /* Plumbus */,
				87C8366A24F2826D00E32EE6 /* Products */,
				5C5AD43901CE57664D349653 /* Pods */,
				38DE6FC2ED02B67D76CDCCD9 /* Frameworks */,
			);
			sourceTree = "<group>";
		};
		87C8366A24F2826D00E32EE6 /* Products */ = {
			isa = PBXGroup;
			children = (
				87C8366924F2826D00E32EE6 /* Plumbus.app */,
			);
			name = Products;
			sourceTree = "<group>";
		};
		87C8366B24F2826D00E32EE6 /* Plumbus */ = {
			isa = PBXGroup;
			children = (
				876C7BF524FD467A000CC850 /* Home Page */,
				8712954F24FD11E20071C958 /* SignUp Page */,
				8712954D24FD098A0071C958 /* Auth Page */,
				8712954624FD04A20071C958 /* Extensions */,
				8712954524FD04830071C958 /* Resoures */,
				874193DE24FE538200F317E2 /* DatabaseManager.swift */,
				87C8366C24F2826D00E32EE6 /* AppDelegate.swift */,
				87C8366E24F2826D00E32EE6 /* SceneDelegate.swift */,
				87C8367224F2826D00E32EE6 /* Main.storyboard */,
				87C8367724F2826F00E32EE6 /* LaunchScreen.storyboard */,
				87C8367A24F2826F00E32EE6 /* Info.plist */,
				87C8368124F2832100E32EE6 /* GoogleService-Info.plist */,
			);
			path = Plumbus;
			sourceTree = "<group>";
		};
/* End PBXGroup section */

/* Begin PBXNativeTarget section */
		87C8366824F2826D00E32EE6 /* Plumbus */ = {
			isa = PBXNativeTarget;
			buildConfigurationList = 87C8367D24F2826F00E32EE6 /* Build configuration list for PBXNativeTarget "Plumbus" */;
			buildPhases = (
				AE95D5E948208A266298C97E /* [CP] Check Pods Manifest.lock */,
				87C8366524F2826D00E32EE6 /* Sources */,
				87C8366624F2826D00E32EE6 /* Frameworks */,
				87C8366724F2826D00E32EE6 /* Resources */,
				4C48F8052C346026E36E1362 /* [CP] Embed Pods Frameworks */,
				4D6FAB7969EB36DC8E963C4E /* [CP] Copy Pods Resources */,
			);
			buildRules = (
			);
			dependencies = (
			);
			name = Plumbus;
			productName = Plumbus;
			productReference = 87C8366924F2826D00E32EE6 /* Plumbus.app */;
			productType = "com.apple.product-type.application";
		};
/* End PBXNativeTarget section */

/* Begin PBXProject section */
		87C8366124F2826D00E32EE6 /* Project object */ = {
			isa = PBXProject;
			attributes = {
				LastSwiftUpdateCheck = 1160;
				LastUpgradeCheck = 1160;
				ORGANIZATIONNAME = "Kenes Yerassyl";
				TargetAttributes = {
					87C8366824F2826D00E32EE6 = {
						CreatedOnToolsVersion = 11.6;
					};
				};
			};
			buildConfigurationList = 87C8366424F2826D00E32EE6 /* Build configuration list for PBXProject "Plumbus" */;
			compatibilityVersion = "Xcode 9.3";
			developmentRegion = en;
			hasScannedForEncodings = 0;
			knownRegions = (
				en,
				Base,
			);
			mainGroup = 87C8366024F2826D00E32EE6;
			productRefGroup = 87C8366A24F2826D00E32EE6 /* Products */;
			projectDirPath = "";
			projectRoot = "";
			targets = (
				87C8366824F2826D00E32EE6 /* Plumbus */,
			);
		};
/* End PBXProject section */

/* Begin PBXResourcesBuildPhase section */
		87C8366724F2826D00E32EE6 /* Resources */ = {
			isa = PBXResourcesBuildPhase;
			buildActionMask = 2147483647;
			files = (
				87A0526024F3F06700E6812A /* universaljack.ttf in Resources */,
				87C8367924F2826F00E32EE6 /* LaunchScreen.storyboard in Resources */,
				87C8368224F2832100E32EE6 /* GoogleService-Info.plist in Resources */,
				87C8367424F2826D00E32EE6 /* Main.storyboard in Resources */,
				87A0526224F3F58D00E6812A /* Assets.xcassets in Resources */,
			);
			runOnlyForDeploymentPostprocessing = 0;
		};
/* End PBXResourcesBuildPhase section */

/* Begin PBXShellScriptBuildPhase section */
		4C48F8052C346026E36E1362 /* [CP] Embed Pods Frameworks */ = {
			isa = PBXShellScriptBuildPhase;
			buildActionMask = 2147483647;
			files = (
			);
			inputFileListPaths = (
				"${PODS_ROOT}/Target Support Files/Pods-Plumbus/Pods-Plumbus-frameworks-${CONFIGURATION}-input-files.xcfilelist",
			);
			name = "[CP] Embed Pods Frameworks";
			outputFileListPaths = (
				"${PODS_ROOT}/Target Support Files/Pods-Plumbus/Pods-Plumbus-frameworks-${CONFIGURATION}-output-files.xcfilelist",
			);
			runOnlyForDeploymentPostprocessing = 0;
			shellPath = /bin/sh;
			shellScript = "\"${PODS_ROOT}/Target Support Files/Pods-Plumbus/Pods-Plumbus-frameworks.sh\"\n";
			showEnvVarsInLog = 0;
		};
		4D6FAB7969EB36DC8E963C4E /* [CP] Copy Pods Resources */ = {
			isa = PBXShellScriptBuildPhase;
			buildActionMask = 2147483647;
			files = (
			);
			inputFileListPaths = (
				"${PODS_ROOT}/Target Support Files/Pods-Plumbus/Pods-Plumbus-resources-${CONFIGURATION}-input-files.xcfilelist",
			);
			name = "[CP] Copy Pods Resources";
			outputFileListPaths = (
				"${PODS_ROOT}/Target Support Files/Pods-Plumbus/Pods-Plumbus-resources-${CONFIGURATION}-output-files.xcfilelist",
			);
			runOnlyForDeploymentPostprocessing = 0;
			shellPath = /bin/sh;
			shellScript = "\"${PODS_ROOT}/Target Support Files/Pods-Plumbus/Pods-Plumbus-resources.sh\"\n";
			showEnvVarsInLog = 0;
		};
		AE95D5E948208A266298C97E /* [CP] Check Pods Manifest.lock */ = {
			isa = PBXShellScriptBuildPhase;
			buildActionMask = 2147483647;
			files = (
			);
			inputFileListPaths = (
			);
			inputPaths = (
				"${PODS_PODFILE_DIR_PATH}/Podfile.lock",
				"${PODS_ROOT}/Manifest.lock",
			);
			name = "[CP] Check Pods Manifest.lock";
			outputFileListPaths = (
			);
			outputPaths = (
				"$(DERIVED_FILE_DIR)/Pods-Plumbus-checkManifestLockResult.txt",
			);
			runOnlyForDeploymentPostprocessing = 0;
			shellPath = /bin/sh;
			shellScript = "diff \"${PODS_PODFILE_DIR_PATH}/Podfile.lock\" \"${PODS_ROOT}/Manifest.lock\" > /dev/null\nif [ $? != 0 ] ; then\n    # print error to STDERR\n    echo \"error: The sandbox is not in sync with the Podfile.lock. Run 'pod install' or update your CocoaPods installation.\" >&2\n    exit 1\nfi\n# This output is used by Xcode 'outputs' to avoid re-running this script phase.\necho \"SUCCESS\" > \"${SCRIPT_OUTPUT_FILE_0}\"\n";
			showEnvVarsInLog = 0;
		};
/* End PBXShellScriptBuildPhase section */

/* Begin PBXSourcesBuildPhase section */
		87C8366524F2826D00E32EE6 /* Sources */ = {
			isa = PBXSourcesBuildPhase;
			buildActionMask = 2147483647;
			files = (
				87A0525524F2923E00E6812A /* AuthViewController.swift in Sources */,
				8712955224FD12080071C958 /* SignUpViewController.swift in Sources */,
				874193DF24FE538200F317E2 /* DatabaseManager.swift in Sources */,
				8712954A24FD09580071C958 /* UITextField+Extension.swift in Sources */,
				8712955824FD298E0071C958 /* SignUpViewModel.swift in Sources */,
				876C7BF724FD4706000CC850 /* TabBarController.swift in Sources */,
				87C8366D24F2826D00E32EE6 /* AppDelegate.swift in Sources */,
				87C8366F24F2826D00E32EE6 /* SceneDelegate.swift in Sources */,
				87A0525B24F3A37B00E6812A /* UIColor+Extension.swift in Sources */,
				8712955524FD150C0071C958 /* AuthViewModel.swift in Sources */,
			);
			runOnlyForDeploymentPostprocessing = 0;
		};
/* End PBXSourcesBuildPhase section */

/* Begin PBXVariantGroup section */
		87C8367224F2826D00E32EE6 /* Main.storyboard */ = {
			isa = PBXVariantGroup;
			children = (
				87C8367324F2826D00E32EE6 /* Base */,
			);
			name = Main.storyboard;
			sourceTree = "<group>";
		};
		87C8367724F2826F00E32EE6 /* LaunchScreen.storyboard */ = {
			isa = PBXVariantGroup;
			children = (
				87C8367824F2826F00E32EE6 /* Base */,
			);
			name = LaunchScreen.storyboard;
			sourceTree = "<group>";
		};
/* End PBXVariantGroup section */

/* Begin XCBuildConfiguration section */
		87C8367B24F2826F00E32EE6 /* Debug */ = {
			isa = XCBuildConfiguration;
			buildSettings = {
				ALWAYS_SEARCH_USER_PATHS = NO;
				CLANG_ANALYZER_NONNULL = YES;
				CLANG_ANALYZER_NUMBER_OBJECT_CONVERSION = YES_AGGRESSIVE;
				CLANG_CXX_LANGUAGE_STANDARD = "gnu++14";
				CLANG_CXX_LIBRARY = "libc++";
				CLANG_ENABLE_MODULES = YES;
				CLANG_ENABLE_OBJC_ARC = YES;
				CLANG_ENABLE_OBJC_WEAK = YES;
				CLANG_WARN_BLOCK_CAPTURE_AUTORELEASING = YES;
				CLANG_WARN_BOOL_CONVERSION = YES;
				CLANG_WARN_COMMA = YES;
				CLANG_WARN_CONSTANT_CONVERSION = YES;
				CLANG_WARN_DEPRECATED_OBJC_IMPLEMENTATIONS = YES;
				CLANG_WARN_DIRECT_OBJC_ISA_USAGE = YES_ERROR;
				CLANG_WARN_DOCUMENTATION_COMMENTS = YES;
				CLANG_WARN_EMPTY_BODY = YES;
				CLANG_WARN_ENUM_CONVERSION = YES;
				CLANG_WARN_INFINITE_RECURSION = YES;
				CLANG_WARN_INT_CONVERSION = YES;
				CLANG_WARN_NON_LITERAL_NULL_CONVERSION = YES;
				CLANG_WARN_OBJC_IMPLICIT_RETAIN_SELF = YES;
				CLANG_WARN_OBJC_LITERAL_CONVERSION = YES;
				CLANG_WARN_OBJC_ROOT_CLASS = YES_ERROR;
				CLANG_WARN_RANGE_LOOP_ANALYSIS = YES;
				CLANG_WARN_STRICT_PROTOTYPES = YES;
				CLANG_WARN_SUSPICIOUS_MOVE = YES;
				CLANG_WARN_UNGUARDED_AVAILABILITY = YES_AGGRESSIVE;
				CLANG_WARN_UNREACHABLE_CODE = YES;
				CLANG_WARN__DUPLICATE_METHOD_MATCH = YES;
				COPY_PHASE_STRIP = NO;
				DEBUG_INFORMATION_FORMAT = dwarf;
				ENABLE_STRICT_OBJC_MSGSEND = YES;
				ENABLE_TESTABILITY = YES;
				GCC_C_LANGUAGE_STANDARD = gnu11;
				GCC_DYNAMIC_NO_PIC = NO;
				GCC_NO_COMMON_BLOCKS = YES;
				GCC_OPTIMIZATION_LEVEL = 0;
				GCC_PREPROCESSOR_DEFINITIONS = (
					"DEBUG=1",
					"$(inherited)",
				);
				GCC_WARN_64_TO_32_BIT_CONVERSION = YES;
				GCC_WARN_ABOUT_RETURN_TYPE = YES_ERROR;
				GCC_WARN_UNDECLARED_SELECTOR = YES;
				GCC_WARN_UNINITIALIZED_AUTOS = YES_AGGRESSIVE;
				GCC_WARN_UNUSED_FUNCTION = YES;
				GCC_WARN_UNUSED_VARIABLE = YES;
				IPHONEOS_DEPLOYMENT_TARGET = 13.6;
				MTL_ENABLE_DEBUG_INFO = INCLUDE_SOURCE;
				MTL_FAST_MATH = YES;
				ONLY_ACTIVE_ARCH = YES;
				SDKROOT = iphoneos;
				SWIFT_ACTIVE_COMPILATION_CONDITIONS = DEBUG;
				SWIFT_OPTIMIZATION_LEVEL = "-Onone";
			};
			name = Debug;
		};
		87C8367C24F2826F00E32EE6 /* Release */ = {
			isa = XCBuildConfiguration;
			buildSettings = {
				ALWAYS_SEARCH_USER_PATHS = NO;
				CLANG_ANALYZER_NONNULL = YES;
				CLANG_ANALYZER_NUMBER_OBJECT_CONVERSION = YES_AGGRESSIVE;
				CLANG_CXX_LANGUAGE_STANDARD = "gnu++14";
				CLANG_CXX_LIBRARY = "libc++";
				CLANG_ENABLE_MODULES = YES;
				CLANG_ENABLE_OBJC_ARC = YES;
				CLANG_ENABLE_OBJC_WEAK = YES;
				CLANG_WARN_BLOCK_CAPTURE_AUTORELEASING = YES;
				CLANG_WARN_BOOL_CONVERSION = YES;
				CLANG_WARN_COMMA = YES;
				CLANG_WARN_CONSTANT_CONVERSION = YES;
				CLANG_WARN_DEPRECATED_OBJC_IMPLEMENTATIONS = YES;
				CLANG_WARN_DIRECT_OBJC_ISA_USAGE = YES_ERROR;
				CLANG_WARN_DOCUMENTATION_COMMENTS = YES;
				CLANG_WARN_EMPTY_BODY = YES;
				CLANG_WARN_ENUM_CONVERSION = YES;
				CLANG_WARN_INFINITE_RECURSION = YES;
				CLANG_WARN_INT_CONVERSION = YES;
				CLANG_WARN_NON_LITERAL_NULL_CONVERSION = YES;
				CLANG_WARN_OBJC_IMPLICIT_RETAIN_SELF = YES;
				CLANG_WARN_OBJC_LITERAL_CONVERSION = YES;
				CLANG_WARN_OBJC_ROOT_CLASS = YES_ERROR;
				CLANG_WARN_RANGE_LOOP_ANALYSIS = YES;
				CLANG_WARN_STRICT_PROTOTYPES = YES;
				CLANG_WARN_SUSPICIOUS_MOVE = YES;
				CLANG_WARN_UNGUARDED_AVAILABILITY = YES_AGGRESSIVE;
				CLANG_WARN_UNREACHABLE_CODE = YES;
				CLANG_WARN__DUPLICATE_METHOD_MATCH = YES;
				COPY_PHASE_STRIP = NO;
				DEBUG_INFORMATION_FORMAT = "dwarf-with-dsym";
				ENABLE_NS_ASSERTIONS = NO;
				ENABLE_STRICT_OBJC_MSGSEND = YES;
				GCC_C_LANGUAGE_STANDARD = gnu11;
				GCC_NO_COMMON_BLOCKS = YES;
				GCC_WARN_64_TO_32_BIT_CONVERSION = YES;
				GCC_WARN_ABOUT_RETURN_TYPE = YES_ERROR;
				GCC_WARN_UNDECLARED_SELECTOR = YES;
				GCC_WARN_UNINITIALIZED_AUTOS = YES_AGGRESSIVE;
				GCC_WARN_UNUSED_FUNCTION = YES;
				GCC_WARN_UNUSED_VARIABLE = YES;
				IPHONEOS_DEPLOYMENT_TARGET = 13.6;
				MTL_ENABLE_DEBUG_INFO = NO;
				MTL_FAST_MATH = YES;
				SDKROOT = iphoneos;
				SWIFT_COMPILATION_MODE = wholemodule;
				SWIFT_OPTIMIZATION_LEVEL = "-O";
				VALIDATE_PRODUCT = YES;
			};
			name = Release;
		};
		87C8367E24F2826F00E32EE6 /* Debug */ = {
			isa = XCBuildConfiguration;
			baseConfigurationReference = B10B222F2A51DAC6B05C2294 /* Pods-Plumbus.debug.xcconfig */;
			buildSettings = {
				ASSETCATALOG_COMPILER_APPICON_NAME = AppIcon;
				CODE_SIGN_STYLE = Automatic;
				DEVELOPMENT_TEAM = JSZXX25TGQ;
				INFOPLIST_FILE = Plumbus/Info.plist;
				IPHONEOS_DEPLOYMENT_TARGET = 13.0;
				LD_RUNPATH_SEARCH_PATHS = (
					"$(inherited)",
					"@executable_path/Frameworks",
				);
				PRODUCT_BUNDLE_IDENTIFIER = "Kenes-Industries.Plumbus";
				PRODUCT_NAME = "$(TARGET_NAME)";
				SWIFT_VERSION = 5.0;
				TARGETED_DEVICE_FAMILY = "1,2";
			};
			name = Debug;
		};
		87C8367F24F2826F00E32EE6 /* Release */ = {
			isa = XCBuildConfiguration;
			baseConfigurationReference = 9F052855FADCDFD96A439518 /* Pods-Plumbus.release.xcconfig */;
			buildSettings = {
				ASSETCATALOG_COMPILER_APPICON_NAME = AppIcon;
				CODE_SIGN_STYLE = Automatic;
				DEVELOPMENT_TEAM = JSZXX25TGQ;
				INFOPLIST_FILE = Plumbus/Info.plist;
				IPHONEOS_DEPLOYMENT_TARGET = 13.0;
				LD_RUNPATH_SEARCH_PATHS = (
					"$(inherited)",
					"@executable_path/Frameworks",
				);
				PRODUCT_BUNDLE_IDENTIFIER = "Kenes-Industries.Plumbus";
				PRODUCT_NAME = "$(TARGET_NAME)";
				SWIFT_VERSION = 5.0;
				TARGETED_DEVICE_FAMILY = "1,2";
			};
			name = Release;
		};
/* End XCBuildConfiguration section */

/* Begin XCConfigurationList section */
		87C8366424F2826D00E32EE6 /* Build configuration list for PBXProject "Plumbus" */ = {
			isa = XCConfigurationList;
			buildConfigurations = (
				87C8367B24F2826F00E32EE6 /* Debug */,
				87C8367C24F2826F00E32EE6 /* Release */,
			);
			defaultConfigurationIsVisible = 0;
			defaultConfigurationName = Release;
		};
		87C8367D24F2826F00E32EE6 /* Build configuration list for PBXNativeTarget "Plumbus" */ = {
			isa = XCConfigurationList;
			buildConfigurations = (
				87C8367E24F2826F00E32EE6 /* Debug */,
				87C8367F24F2826F00E32EE6 /* Release */,
			);
			defaultConfigurationIsVisible = 0;
			defaultConfigurationName = Release;
		};
/* End XCConfigurationList section */
	};
	rootObject = 87C8366124F2826D00E32EE6 /* Project object */;
}
